{
  "version": 1,
  "dependencies": {
    ".NETCoreApp,Version=v3.1": {
      "Microsoft.Bcl.AsyncInterfaces": {
        "type": "Direct",
        "requested": "[6.0.0, )",
        "resolved": "6.0.0",
        "contentHash": "UcSjPsst+DfAdJGVDsu346FX0ci0ah+lw3WRtn18NUwEqRt70HaOQ7lI72vy3+1LxtqI3T5GWwV39rQSrCzAeg=="
      },
      "N8.NetTools.HTTP": {
        "type": "Direct",
        "requested": "[0.2.0, )",
        "resolved": "0.2.0",
        "contentHash": "WvSRmbNYkOS8lGj6c3u607+roZbk7o8XXmlRXFL4YZNEWaFWUmYZ/OfaHBeXdGTUI1A/CpOqQe6ceRoMl16ocQ==",
        "dependencies": {
          "N8.NetTools": "[0.3.0, 1.0.0)",
          "Newtonsoft.Json": "[13.0.1, 14.0.0)",
          "RestSharp": "[108.0.2, 109.0.0)"
        }
      },
      "N8.NetTools": {
        "type": "Transitive",
        "resolved": "0.3.0",
        "contentHash": "/uRElXZj63b92pUU2tEdV/cZlR8Y6gJSUbCAev9uXi20ZBxZWthVUHJDTvbU4BA3NXjlPadXl7NissGajUvoLQ=="
      },
      "Newtonsoft.Json": {
        "type": "Transitive",
        "resolved": "13.0.1",
        "contentHash": "ppPFpBcvxdsfUonNcvITKqLl3bqxWbDCZIzDWHzjpdAHRFfZe0Dw9HmA0+za13IdyrgJwpkDTDA9fHaxOrt20A=="
      },
      "RestSharp": {
        "type": "Transitive",
        "resolved": "108.0.2",
        "contentHash": "zI1lzI+Jjzl6bcicyUYfLIGmmOAdJRkYepMnSPzrxd1o9RxztPaR/blUOmY8BpXdN3I+XlK9dtwCYRGCxvaODw==",
        "dependencies": {
          "System.Text.Json": "5.0.0"
        }
      },
      "System.Text.Json": {
        "type": "Transitive",
        "resolved": "5.0.0",
        "contentHash": "+luxMQNZ2WqeffBU7Ml6njIvxc8169NW2oU+ygNudXQGZiarjE7DOtN7bILiQjTZjkmwwRZGTtLzmdrSI/Ustw=="
      }
    },
    ".NETStandard,Version=v2.0": {
      "Microsoft.Bcl.AsyncInterfaces": {
        "type": "Direct",
        "requested": "[6.0.0, )",
        "resolved": "6.0.0",
        "contentHash": "UcSjPsst+DfAdJGVDsu346FX0ci0ah+lw3WRtn18NUwEqRt70HaOQ7lI72vy3+1LxtqI3T5GWwV39rQSrCzAeg==",
        "dependencies": {
          "System.Threading.Tasks.Extensions": "4.5.4"
        }
      },
      "N8.NetTools.HTTP": {
        "type": "Direct",
        "requested": "[0.2.0, )",
        "resolved": "0.2.0",
        "contentHash": "WvSRmbNYkOS8lGj6c3u607+roZbk7o8XXmlRXFL4YZNEWaFWUmYZ/OfaHBeXdGTUI1A/CpOqQe6ceRoMl16ocQ==",
        "dependencies": {
          "N8.NetTools": "[0.3.0, 1.0.0)",
          "Newtonsoft.Json": "[13.0.1, 14.0.0)",
          "RestSharp": "[108.0.2, 109.0.0)"
        }
      },
      "NETStandard.Library": {
        "type": "Direct",
        "requested": "[2.0.3, )",
        "resolved": "2.0.3",
        "contentHash": "st47PosZSHrjECdjeIzZQbzivYBJFv6P2nv4cj2ypdI204DO+vZ7l5raGMiX4eXMJ53RfOIg+/s4DHVZ54Nu2A==",
        "dependencies": {
          "Microsoft.NETCore.Platforms": "1.1.0"
        }
      },
      "Microsoft.NETCore.Platforms": {
        "type": "Transitive",
        "resolved": "1.1.0",
        "contentHash": "kz0PEW2lhqygehI/d6XsPCQzD7ff7gUJaVGPVETX611eadGsA3A877GdSlU0LRVMCTH/+P3o2iDTak+S08V2+A=="
      },
      "N8.NetTools": {
        "type": "Transitive",
        "resolved": "0.3.0",
        "contentHash": "/uRElXZj63b92pUU2tEdV/cZlR8Y6gJSUbCAev9uXi20ZBxZWthVUHJDTvbU4BA3NXjlPadXl7NissGajUvoLQ=="
      },
      "Newtonsoft.Json": {
        "type": "Transitive",
        "resolved": "13.0.1",
        "contentHash": "ppPFpBcvxdsfUonNcvITKqLl3bqxWbDCZIzDWHzjpdAHRFfZe0Dw9HmA0+za13IdyrgJwpkDTDA9fHaxOrt20A=="
      },
      "RestSharp": {
        "type": "Transitive",
        "resolved": "108.0.2",
        "contentHash": "zI1lzI+Jjzl6bcicyUYfLIGmmOAdJRkYepMnSPzrxd1o9RxztPaR/blUOmY8BpXdN3I+XlK9dtwCYRGCxvaODw==",
        "dependencies": {
          "System.Text.Json": "5.0.0"
        }
      },
      "System.Buffers": {
        "type": "Transitive",
        "resolved": "4.5.1",
        "contentHash": "Rw7ijyl1qqRS0YQD/WycNst8hUUMgrMH4FCn1nNm27M4VxchZ1js3fVjQaANHO5f3sN4isvP4a+Met9Y4YomAg=="
      },
      "System.Memory": {
        "type": "Transitive",
        "resolved": "4.5.4",
        "contentHash": "1MbJTHS1lZ4bS4FmsJjnuGJOu88ZzTT2rLvrhW7Ygic+pC0NWA+3hgAen0HRdsocuQXCkUTdFn9yHJJhsijDXw==",
        "dependencies": {
          "System.Buffers": "4.5.1",
          "System.Numerics.Vectors": "4.4.0",
          "System.Runtime.CompilerServices.Unsafe": "4.5.3"
        }
      },
      "System.Numerics.Vectors": {
        "type": "Transitive",
        "resolved": "4.5.0",
        "contentHash": "QQTlPTl06J/iiDbJCiepZ4H//BVraReU4O4EoRw1U02H5TLUIT7xn3GnDp9AXPSlJUDyFs4uWjWafNX6WrAojQ=="
      },
      "System.Runtime.CompilerServices.Unsafe": {
        "type": "Transitive",
        "resolved": "5.0.0",
        "contentHash": "ZD9TMpsmYJLrxbbmdvhwt9YEgG5WntEnZ/d1eH8JBX9LBp+Ju8BSBhUGbZMNVHHomWo2KVImJhTDl2hIgw/6MA=="
      },
      "System.Text.Encodings.Web": {
        "type": "Transitive",
        "resolved": "5.0.0",
        "contentHash": "EEslUvHKll1ftizbn20mX3Ix/l4Ygk/bdJ2LY6/X6FlGaP0RIhKMo9nS6JIGnKKT6KBP2PGj6JC3B9/ZF6ErqQ==",
        "dependencies": {
          "System.Memory": "4.5.4"
        }
      },
      "System.Text.Json": {
        "type": "Transitive",
        "resolved": "5.0.0",
        "contentHash": "+luxMQNZ2WqeffBU7Ml6njIvxc8169NW2oU+ygNudXQGZiarjE7DOtN7bILiQjTZjkmwwRZGTtLzmdrSI/Ustw==",
        "dependencies": {
          "Microsoft.Bcl.AsyncInterfaces": "5.0.0",
          "System.Buffers": "4.5.1",
          "System.Memory": "4.5.4",
          "System.Numerics.Vectors": "4.5.0",
          "System.Runtime.CompilerServices.Unsafe": "5.0.0",
          "System.Text.Encodings.Web": "5.0.0",
          "System.Threading.Tasks.Extensions": "4.5.4"
        }
      },
      "System.Threading.Tasks.Extensions": {
        "type": "Transitive",
        "resolved": "4.5.4",
        "contentHash": "zteT+G8xuGu6mS+mzDzYXbzS7rd3K6Fjb9RiZlYlJPam2/hU7JCBZBVEcywNuR+oZ1ncTvc/cq0faRr3P01OVg==",
        "dependencies": {
          "System.Runtime.CompilerServices.Unsafe": "4.5.3"
        }
      }
    },
    ".NETStandard,Version=v2.1": {
      "Microsoft.Bcl.AsyncInterfaces": {
        "type": "Direct",
        "requested": "[6.0.0, )",
        "resolved": "6.0.0",
        "contentHash": "UcSjPsst+DfAdJGVDsu346FX0ci0ah+lw3WRtn18NUwEqRt70HaOQ7lI72vy3+1LxtqI3T5GWwV39rQSrCzAeg=="
      },
      "N8.NetTools.HTTP": {
        "type": "Direct",
        "requested": "[0.2.0, )",
        "resolved": "0.2.0",
        "contentHash": "WvSRmbNYkOS8lGj6c3u607+roZbk7o8XXmlRXFL4YZNEWaFWUmYZ/OfaHBeXdGTUI1A/CpOqQe6ceRoMl16ocQ==",
        "dependencies": {
          "N8.NetTools": "[0.3.0, 1.0.0)",
          "Newtonsoft.Json": "[13.0.1, 14.0.0)",
          "RestSharp": "[108.0.2, 109.0.0)"
        }
      },
      "N8.NetTools": {
        "type": "Transitive",
        "resolved": "0.3.0",
        "contentHash": "/uRElXZj63b92pUU2tEdV/cZlR8Y6gJSUbCAev9uXi20ZBxZWthVUHJDTvbU4BA3NXjlPadXl7NissGajUvoLQ=="
      },
      "Newtonsoft.Json": {
        "type": "Transitive",
        "resolved": "13.0.1",
        "contentHash": "ppPFpBcvxdsfUonNcvITKqLl3bqxWbDCZIzDWHzjpdAHRFfZe0Dw9HmA0+za13IdyrgJwpkDTDA9fHaxOrt20A=="
      },
      "RestSharp": {
        "type": "Transitive",
        "resolved": "108.0.2",
        "contentHash": "zI1lzI+Jjzl6bcicyUYfLIGmmOAdJRkYepMnSPzrxd1o9RxztPaR/blUOmY8BpXdN3I+XlK9dtwCYRGCxvaODw==",
        "dependencies": {
          "System.Text.Json": "5.0.0"
        }
      },
      "System.Buffers": {
        "type": "Transitive",
        "resolved": "4.5.1",
        "contentHash": "Rw7ijyl1qqRS0YQD/WycNst8hUUMgrMH4FCn1nNm27M4VxchZ1js3fVjQaANHO5f3sN4isvP4a+Met9Y4YomAg=="
      },
      "System.Memory": {
        "type": "Transitive",
        "resolved": "4.5.4",
        "contentHash": "1MbJTHS1lZ4bS4FmsJjnuGJOu88ZzTT2rLvrhW7Ygic+pC0NWA+3hgAen0HRdsocuQXCkUTdFn9yHJJhsijDXw==",
        "dependencies": {
          "System.Buffers": "4.5.1",
          "System.Numerics.Vectors": "4.4.0",
          "System.Runtime.CompilerServices.Unsafe": "4.5.3"
        }
      },
      "System.Numerics.Vectors": {
        "type": "Transitive",
        "resolved": "4.5.0",
        "contentHash": "QQTlPTl06J/iiDbJCiepZ4H//BVraReU4O4EoRw1U02H5TLUIT7xn3GnDp9AXPSlJUDyFs4uWjWafNX6WrAojQ=="
      },
      "System.Runtime.CompilerServices.Unsafe": {
        "type": "Transitive",
        "resolved": "5.0.0",
        "contentHash": "ZD9TMpsmYJLrxbbmdvhwt9YEgG5WntEnZ/d1eH8JBX9LBp+Ju8BSBhUGbZMNVHHomWo2KVImJhTDl2hIgw/6MA=="
      },
      "System.Text.Encodings.Web": {
        "type": "Transitive",
        "resolved": "5.0.0",
        "contentHash": "EEslUvHKll1ftizbn20mX3Ix/l4Ygk/bdJ2LY6/X6FlGaP0RIhKMo9nS6JIGnKKT6KBP2PGj6JC3B9/ZF6ErqQ=="
      },
      "System.Text.Json": {
        "type": "Transitive",
        "resolved": "5.0.0",
        "contentHash": "+luxMQNZ2WqeffBU7Ml6njIvxc8169NW2oU+ygNudXQGZiarjE7DOtN7bILiQjTZjkmwwRZGTtLzmdrSI/Ustw==",
        "dependencies": {
          "Microsoft.Bcl.AsyncInterfaces": "5.0.0",
          "System.Buffers": "4.5.1",
          "System.Memory": "4.5.4",
          "System.Numerics.Vectors": "4.5.0",
          "System.Runtime.CompilerServices.Unsafe": "5.0.0",
          "System.Text.Encodings.Web": "5.0.0",
          "System.Threading.Tasks.Extensions": "4.5.4"
        }
      },
      "System.Threading.Tasks.Extensions": {
        "type": "Transitive",
        "resolved": "4.5.4",
        "contentHash": "zteT+G8xuGu6mS+mzDzYXbzS7rd3K6Fjb9RiZlYlJPam2/hU7JCBZBVEcywNuR+oZ1ncTvc/cq0faRr3P01OVg==",
        "dependencies": {
          "System.Runtime.CompilerServices.Unsafe": "4.5.3"
        }
      }
    },
    ".NETCoreApp,Version=v5.0": {
      "Microsoft.Bcl.AsyncInterfaces": {
        "type": "Direct",
        "requested": "[6.0.0, )",
        "resolved": "6.0.0",
        "contentHash": "UcSjPsst+DfAdJGVDsu346FX0ci0ah+lw3WRtn18NUwEqRt70HaOQ7lI72vy3+1LxtqI3T5GWwV39rQSrCzAeg=="
      },
      "N8.NetTools.HTTP": {
        "type": "Direct",
        "requested": "[0.2.0, )",
        "resolved": "0.2.0",
        "contentHash": "WvSRmbNYkOS8lGj6c3u607+roZbk7o8XXmlRXFL4YZNEWaFWUmYZ/OfaHBeXdGTUI1A/CpOqQe6ceRoMl16ocQ==",
        "dependencies": {
          "N8.NetTools": "[0.3.0, 1.0.0)",
          "Newtonsoft.Json": "[13.0.1, 14.0.0)",
          "RestSharp": "[108.0.2, 109.0.0)"
        }
      },
      "N8.NetTools": {
        "type": "Transitive",
        "resolved": "0.3.0",
        "contentHash": "/uRElXZj63b92pUU2tEdV/cZlR8Y6gJSUbCAev9uXi20ZBxZWthVUHJDTvbU4BA3NXjlPadXl7NissGajUvoLQ=="
      },
      "Newtonsoft.Json": {
        "type": "Transitive",
        "resolved": "13.0.1",
        "contentHash": "ppPFpBcvxdsfUonNcvITKqLl3bqxWbDCZIzDWHzjpdAHRFfZe0Dw9HmA0+za13IdyrgJwpkDTDA9fHaxOrt20A=="
      },
      "RestSharp": {
        "type": "Transitive",
        "resolved": "108.0.2",
        "contentHash": "zI1lzI+Jjzl6bcicyUYfLIGmmOAdJRkYepMnSPzrxd1o9RxztPaR/blUOmY8BpXdN3I+XlK9dtwCYRGCxvaODw==",
        "dependencies": {
          "System.Text.Json": "5.0.0"
        }
      },
      "System.Text.Json": {
        "type": "Transitive",
        "resolved": "5.0.0",
        "contentHash": "+luxMQNZ2WqeffBU7Ml6njIvxc8169NW2oU+ygNudXQGZiarjE7DOtN7bILiQjTZjkmwwRZGTtLzmdrSI/Ustw=="
      }
    },
    "net6.0": {
      "Microsoft.Bcl.AsyncInterfaces": {
        "type": "Direct",
        "requested": "[6.0.0, )",
        "resolved": "6.0.0",
        "contentHash": "UcSjPsst+DfAdJGVDsu346FX0ci0ah+lw3WRtn18NUwEqRt70HaOQ7lI72vy3+1LxtqI3T5GWwV39rQSrCzAeg=="
      },
      "N8.NetTools.HTTP": {
        "type": "Direct",
        "requested": "[0.2.0, )",
        "resolved": "0.2.0",
        "contentHash": "WvSRmbNYkOS8lGj6c3u607+roZbk7o8XXmlRXFL4YZNEWaFWUmYZ/OfaHBeXdGTUI1A/CpOqQe6ceRoMl16ocQ==",
        "dependencies": {
          "N8.NetTools": "[0.3.0, 1.0.0)",
          "Newtonsoft.Json": "[13.0.1, 14.0.0)",
          "RestSharp": "[108.0.2, 109.0.0)"
        }
      },
      "N8.NetTools": {
        "type": "Transitive",
        "resolved": "0.3.0",
        "contentHash": "/uRElXZj63b92pUU2tEdV/cZlR8Y6gJSUbCAev9uXi20ZBxZWthVUHJDTvbU4BA3NXjlPadXl7NissGajUvoLQ=="
      },
      "Newtonsoft.Json": {
        "type": "Transitive",
        "resolved": "13.0.1",
        "contentHash": "ppPFpBcvxdsfUonNcvITKqLl3bqxWbDCZIzDWHzjpdAHRFfZe0Dw9HmA0+za13IdyrgJwpkDTDA9fHaxOrt20A=="
      },
      "RestSharp": {
        "type": "Transitive",
        "resolved": "108.0.2",
        "contentHash": "zI1lzI+Jjzl6bcicyUYfLIGmmOAdJRkYepMnSPzrxd1o9RxztPaR/blUOmY8BpXdN3I+XlK9dtwCYRGCxvaODw=="
      }
    }
  }
}